<?xml version="1.0" encoding="utf-8"?>
<Project ToolsVersion="4.0" xmlns="http://schemas.microsoft.com/developer/msbuild/2003">
  <ItemGroup>
    <Filter Include="Source Files">
      <UniqueIdentifier>{4FC737F1-C7A5-4376-A066-2A32D752A2FF}</UniqueIdentifier>
      <Extensions>cpp;c;cc;cxx;c++;cppm;ixx;def;odl;idl;hpj;bat;asm;asmx</Extensions>
    </Filter>
    <Filter Include="Header Files">
      <UniqueIdentifier>{93995380-89BD-4b04-88EB-625FBE52EBFB}</UniqueIdentifier>
      <Extensions>h;hh;hpp;hxx;h++;hm;inl;inc;ipp;xsd</Extensions>
    </Filter>
    <Filter Include="Resource Files">
      <UniqueIdentifier>{67DA6AB6-F800-4c08-8B7A-83BB121AAD01}</UniqueIdentifier>
      <Extensions>rc;ico;cur;bmp;dlg;rc2;rct;bin;rgs;gif;jpg;jpeg;jpe;resx;tiff;tif;png;wav;mfcribbon-ms</Extensions>
    </Filter>
    <Filter Include="Header Files\Components">
      <UniqueIdentifier>{fb5d2e35-c974-4d83-8eb2-b8ec74076fc6}</UniqueIdentifier>
    </Filter>
    <Filter Include="Source Files\Components">
      <UniqueIdentifier>{7d57e4ed-41a4-4920-b157-ab05871f95f0}</UniqueIdentifier>
    </Filter>
    <Filter Include="Header Files\Components\Rendering">
      <UniqueIdentifier>{1045e089-a614-4765-aa89-edeaf330a1a2}</UniqueIdentifier>
    </Filter>
    <Filter Include="Header Files\Singletons">
      <UniqueIdentifier>{4eba1607-8966-4ac6-89b3-f529dc631d73}</UniqueIdentifier>
    </Filter>
    <Filter Include="Header Files\Scenes">
      <UniqueIdentifier>{9978f904-620f-44ec-a21d-d91a98c6bf43}</UniqueIdentifier>
    </Filter>
    <Filter Include="Source Files\Scenes">
      <UniqueIdentifier>{da331e8a-7fb6-407e-a570-1bdbf83af24a}</UniqueIdentifier>
    </Filter>
    <Filter Include="Source Files\Singletons">
      <UniqueIdentifier>{3c024f66-2959-4396-a69c-ace677a7ae87}</UniqueIdentifier>
    </Filter>
    <Filter Include="Header Files\GameObject">
      <UniqueIdentifier>{41286800-2477-4784-9184-dfe8f16ae3d1}</UniqueIdentifier>
    </Filter>
    <Filter Include="Source Files\GameObject">
      <UniqueIdentifier>{47cf169f-c44b-4932-8fe9-affb35a06dfe}</UniqueIdentifier>
    </Filter>
    <Filter Include="Header Files\Commands">
      <UniqueIdentifier>{7c290427-bb50-4dd5-bbc0-38c3b5a363c9}</UniqueIdentifier>
    </Filter>
    <Filter Include="Header Files\Components\Movement">
      <UniqueIdentifier>{a4bb7db2-5dae-4970-81d9-c6c47e95c309}</UniqueIdentifier>
    </Filter>
    <Filter Include="Source Files\Components\Rendering">
      <UniqueIdentifier>{8238efda-809a-4ac0-b395-aa33d32ea9fc}</UniqueIdentifier>
    </Filter>
    <Filter Include="Source Files\Components\Movement">
      <UniqueIdentifier>{532f05a4-77e6-4c6a-bbfb-83108189300e}</UniqueIdentifier>
    </Filter>
    <Filter Include="Header Files\Components\Generation">
      <UniqueIdentifier>{7daa6863-dce9-48a2-817e-8f4b27abaef9}</UniqueIdentifier>
    </Filter>
    <Filter Include="Source Files\Components\Generation">
      <UniqueIdentifier>{971830e7-32e3-4352-bc76-869c1e0c0a5d}</UniqueIdentifier>
    </Filter>
    <Filter Include="Header Files\Components\Collision">
      <UniqueIdentifier>{fbf1034f-1a0b-448b-848f-cde80f7019b2}</UniqueIdentifier>
    </Filter>
    <Filter Include="Source Files\Components\Collision">
      <UniqueIdentifier>{f91deb2d-fb82-47bb-abea-6d8afe552cc4}</UniqueIdentifier>
    </Filter>
    <Filter Include="Source Files\Commands">
      <UniqueIdentifier>{9206cb81-0f22-46c5-b6bb-2442b4227f9d}</UniqueIdentifier>
    </Filter>
    <Filter Include="Header Files\Components\Calculation">
      <UniqueIdentifier>{4d70a4dd-9208-4718-a2b0-916bebf9287d}</UniqueIdentifier>
    </Filter>
    <Filter Include="Source Files\Components\Calculation">
      <UniqueIdentifier>{165489e2-7d34-48de-9613-f1b1c12192ce}</UniqueIdentifier>
    </Filter>
    <Filter Include="Header Files\Components\Managers">
      <UniqueIdentifier>{a64c8f43-1a1f-4442-984c-abbf7c30f7aa}</UniqueIdentifier>
    </Filter>
    <Filter Include="Header Files\Prototypes">
      <UniqueIdentifier>{1966b2ee-2f03-4918-97a3-ac025fbd6be8}</UniqueIdentifier>
    </Filter>
    <Filter Include="Header Files\Components\Enemies">
      <UniqueIdentifier>{6f1004b1-6231-443f-b096-589d184c7bbf}</UniqueIdentifier>
    </Filter>
    <Filter Include="Source Files\Components\Enemies">
      <UniqueIdentifier>{26ce967f-781e-43d3-9e21-ac0d56cf410c}</UniqueIdentifier>
    </Filter>
    <Filter Include="Source Files\Components\Managers">
      <UniqueIdentifier>{06b27784-fa44-47fc-a944-62cabf71d437}</UniqueIdentifier>
    </Filter>
    <Filter Include="Header Files\Components\Activity">
      <UniqueIdentifier>{57fb6d0a-d70d-4bc3-b2dd-2002313d4690}</UniqueIdentifier>
    </Filter>
    <Filter Include="Source Files\Components\Activity">
      <UniqueIdentifier>{42352d62-b8c8-41d0-a9e5-0a9645862dfb}</UniqueIdentifier>
    </Filter>
    <Filter Include="Header Files\Components\Items">
      <UniqueIdentifier>{9f78277c-b4ed-4731-a261-130d0451c847}</UniqueIdentifier>
    </Filter>
    <Filter Include="Header Files\Procs">
      <UniqueIdentifier>{fa59d346-3322-42f8-aa93-31ac7d9a5d4a}</UniqueIdentifier>
    </Filter>
    <Filter Include="Source Files\Procs">
      <UniqueIdentifier>{aa167223-ab71-422e-b1d3-bf455f0040b0}</UniqueIdentifier>
    </Filter>
    <Filter Include="Header Files\Weapon qualities">
      <UniqueIdentifier>{54d7245a-6a78-4390-8950-d7e8059f447a}</UniqueIdentifier>
    </Filter>
    <Filter Include="Source Files\Components\Items">
      <UniqueIdentifier>{7bcc3826-5d1d-4f50-b930-095d145789b4}</UniqueIdentifier>
    </Filter>
    <Filter Include="Header Files\Components\Health">
      <UniqueIdentifier>{3a7608e4-a643-4ad5-a8be-546a44297774}</UniqueIdentifier>
    </Filter>
    <Filter Include="Source Files\Components\Health">
      <UniqueIdentifier>{b7510a25-8042-4e7b-bffb-07b495984c4c}</UniqueIdentifier>
    </Filter>
    <Filter Include="Header Files\Components\Combat">
      <UniqueIdentifier>{5656c0eb-322c-4b48-87ba-0a0f89465440}</UniqueIdentifier>
    </Filter>
    <Filter Include="Source Files\Components\Combat">
      <UniqueIdentifier>{fb8f7dd0-8f32-413c-bd89-758f51548fb3}</UniqueIdentifier>
    </Filter>
    <Filter Include="Header Files\Components\Resetters">
      <UniqueIdentifier>{e4c59289-a767-4533-b75b-6cb0b047d806}</UniqueIdentifier>
    </Filter>
    <Filter Include="Source Files\Components\Resetters">
      <UniqueIdentifier>{2cf34add-2217-4022-beee-32eb5b3a2d4d}</UniqueIdentifier>
    </Filter>
    <Filter Include="Header Files\Effects">
      <UniqueIdentifier>{33236a04-231f-4090-be99-d1c0e707fd71}</UniqueIdentifier>
    </Filter>
    <Filter Include="Source Files\Effects">
      <UniqueIdentifier>{4c576f2a-f9c4-41af-a8c5-91eb7da8e0a4}</UniqueIdentifier>
    </Filter>
    <Filter Include="Source Files\Components\Obstacles">
      <UniqueIdentifier>{eb2799b2-e46e-4f0c-bf81-2530b0cc4591}</UniqueIdentifier>
    </Filter>
    <Filter Include="Header Files\Components\Obstacles">
      <UniqueIdentifier>{36ad4130-4e60-4b7d-8726-ce5db5138816}</UniqueIdentifier>
    </Filter>
  </ItemGroup>
  <ItemGroup>
    <ClCompile Include="pch.cpp">
      <Filter>Source Files</Filter>
    </ClCompile>
    <ClCompile Include="Core.cpp">
      <Filter>Source Files</Filter>
    </ClCompile>
    <ClCompile Include="Game.cpp">
      <Filter>Source Files</Filter>
    </ClCompile>
    <ClCompile Include="main.cpp">
      <Filter>Source Files</Filter>
    </ClCompile>
    <ClCompile Include="Matrix2x3.cpp">
      <Filter>Source Files</Filter>
    </ClCompile>
    <ClCompile Include="SoundEffect.cpp">
      <Filter>Source Files</Filter>
    </ClCompile>
    <ClCompile Include="SoundStream.cpp">
      <Filter>Source Files</Filter>
    </ClCompile>
    <ClCompile Include="structs.cpp">
      <Filter>Source Files</Filter>
    </ClCompile>
    <ClCompile Include="SVGParser.cpp">
      <Filter>Source Files</Filter>
    </ClCompile>
    <ClCompile Include="Texture.cpp">
      <Filter>Source Files</Filter>
    </ClCompile>
    <ClCompile Include="utils.cpp">
      <Filter>Source Files</Filter>
    </ClCompile>
    <ClCompile Include="Vector2f.cpp">
      <Filter>Source Files</Filter>
    </ClCompile>
    <ClCompile Include="Scene.cpp">
      <Filter>Source Files\Scenes</Filter>
    </ClCompile>
    <ClCompile Include="SceneManager.cpp">
      <Filter>Source Files\Singletons</Filter>
    </ClCompile>
    <ClCompile Include="GameObject.cpp">
      <Filter>Source Files\GameObject</Filter>
    </ClCompile>
    <ClCompile Include="InputManager.cpp">
      <Filter>Source Files\Singletons</Filter>
    </ClCompile>
    <ClCompile Include="Sprite.cpp">
      <Filter>Source Files</Filter>
    </ClCompile>
    <ClCompile Include="SpriteRenderComponent.cpp">
      <Filter>Source Files\Components\Rendering</Filter>
    </ClCompile>
    <ClCompile Include="TransformComponent.cpp">
      <Filter>Source Files\Components\Movement</Filter>
    </ClCompile>
    <ClCompile Include="PlayerMovementComponent.cpp">
      <Filter>Source Files\Components\Movement</Filter>
    </ClCompile>
    <ClCompile Include="MazeComponent.cpp">
      <Filter>Source Files\Components\Generation</Filter>
    </ClCompile>
    <ClCompile Include="MazeRenderComponent.cpp">
      <Filter>Source Files\Components\Rendering</Filter>
    </ClCompile>
    <ClCompile Include="DoorCollisionComponent.cpp">
      <Filter>Source Files\Components\Collision</Filter>
    </ClCompile>
    <ClCompile Include="UpdateCurrentRoomCommand.cpp">
      <Filter>Source Files\Commands</Filter>
    </ClCompile>
    <ClCompile Include="HandleCollisionCommand.cpp">
      <Filter>Source Files\Commands</Filter>
    </ClCompile>
    <ClCompile Include="GridComponent.cpp">
      <Filter>Source Files\Components\Calculation</Filter>
    </ClCompile>
    <ClCompile Include="MapRenderComponent.cpp">
      <Filter>Source Files\Components\Rendering</Filter>
    </ClCompile>
    <ClCompile Include="GetAllRoomsCommand.cpp">
      <Filter>Source Files\Commands</Filter>
    </ClCompile>
    <ClCompile Include="EnemyManagerComponent.cpp">
      <Filter>Source Files\Components\Managers</Filter>
    </ClCompile>
    <ClCompile Include="DebugEnemyComponent.cpp">
      <Filter>Source Files\Components\Enemies</Filter>
    </ClCompile>
    <ClCompile Include="EnemyMovementComponent.cpp">
      <Filter>Source Files\Components\Movement</Filter>
    </ClCompile>
    <ClCompile Include="ActivityComponent.cpp">
      <Filter>Source Files\Components\Activity</Filter>
    </ClCompile>
    <ClCompile Include="FireProc.cpp">
      <Filter>Source Files\Procs</Filter>
    </ClCompile>
    <ClCompile Include="MeleeKeyComponent.cpp">
      <Filter>Source Files\Components\Items</Filter>
    </ClCompile>
    <ClCompile Include="ItemManagerComponent.cpp">
      <Filter>Source Files\Components\Managers</Filter>
    </ClCompile>
    <ClCompile Include="PickUpItemCommand.cpp">
      <Filter>Source Files\Commands</Filter>
    </ClCompile>
    <ClCompile Include="HealthComponent.cpp">
      <Filter>Source Files\Components\Health</Filter>
    </ClCompile>
    <ClCompile Include="InventoryComponent.cpp">
      <Filter>Source Files\Components\Items</Filter>
    </ClCompile>
    <ClCompile Include="CombatComponent.cpp">
      <Filter>Source Files\Components\Combat</Filter>
    </ClCompile>
    <ClCompile Include="CritProc.cpp">
      <Filter>Source Files\Procs</Filter>
    </ClCompile>
    <ClCompile Include="GameResetComponent.cpp">
      <Filter>Source Files\Components\Resetters</Filter>
    </ClCompile>
    <ClCompile Include="RangedKeyComponent.cpp">
      <Filter>Source Files\Components\Items</Filter>
    </ClCompile>
    <ClCompile Include="ProjectileComponent.cpp">
      <Filter>Source Files\Components\Items</Filter>
    </ClCompile>
    <ClCompile Include="ProjectileMovementComponent.cpp">
      <Filter>Source Files\Components\Movement</Filter>
    </ClCompile>
    <ClCompile Include="ConsumableComponent.cpp">
      <Filter>Source Files\Components\Items</Filter>
    </ClCompile>
    <ClCompile Include="HealEffect.cpp">
      <Filter>Source Files\Effects</Filter>
    </ClCompile>
    <ClCompile Include="DamageEffect.cpp">
      <Filter>Source Files\Effects</Filter>
    </ClCompile>
    <ClCompile Include="SpeedEffect.cpp">
      <Filter>Source Files\Effects</Filter>
    </ClCompile>
    <ClCompile Include="ObstacleManagerComponent.cpp">
      <Filter>Source Files\Components\Managers</Filter>
    </ClCompile>
    <ClCompile Include="ObstacleComponent.cpp">
      <Filter>Source Files\Components\Obstacles</Filter>
    </ClCompile>
    <ClCompile Include="ObstacleTransformComponent.cpp">
      <Filter>Source Files\Components\Movement</Filter>
    </ClCompile>
  </ItemGroup>
  <ItemGroup>
    <ClInclude Include="pch.h">
      <Filter>Header Files</Filter>
    </ClInclude>
    <ClInclude Include="Core.h">
      <Filter>Header Files</Filter>
    </ClInclude>
    <ClInclude Include="Game.h">
      <Filter>Header Files</Filter>
    </ClInclude>
    <ClInclude Include="Matrix2x3.h">
      <Filter>Header Files</Filter>
    </ClInclude>
    <ClInclude Include="SoundEffect.h">
      <Filter>Header Files</Filter>
    </ClInclude>
    <ClInclude Include="SoundStream.h">
      <Filter>Header Files</Filter>
    </ClInclude>
    <ClInclude Include="structs.h">
      <Filter>Header Files</Filter>
    </ClInclude>
    <ClInclude Include="SVGParser.h">
      <Filter>Header Files</Filter>
    </ClInclude>
    <ClInclude Include="Texture.h">
      <Filter>Header Files</Filter>
    </ClInclude>
    <ClInclude Include="utils.h">
      <Filter>Header Files</Filter>
    </ClInclude>
    <ClInclude Include="Vector2f.h">
      <Filter>Header Files</Filter>
    </ClInclude>
    <ClInclude Include="Component.h">
      <Filter>Header Files\Components</Filter>
    </ClInclude>
    <ClInclude Include="BaseRenderComponent.h">
      <Filter>Header Files\Components\Rendering</Filter>
    </ClInclude>
    <ClInclude Include="SceneManager.h">
      <Filter>Header Files\Singletons</Filter>
    </ClInclude>
    <ClInclude Include="Scene.h">
      <Filter>Header Files\Scenes</Filter>
    </ClInclude>
    <ClInclude Include="Singleton.h">
      <Filter>Header Files\Singletons</Filter>
    </ClInclude>
    <ClInclude Include="GameObject.h">
      <Filter>Header Files\GameObject</Filter>
    </ClInclude>
    <ClInclude Include="InputManager.h">
      <Filter>Header Files\Singletons</Filter>
    </ClInclude>
    <ClInclude Include="Command.h">
      <Filter>Header Files\Commands</Filter>
    </ClInclude>
    <ClInclude Include="SpriteRenderComponent.h">
      <Filter>Header Files\Components\Rendering</Filter>
    </ClInclude>
    <ClInclude Include="Sprite.h">
      <Filter>Header Files</Filter>
    </ClInclude>
    <ClInclude Include="TransformComponent.h">
      <Filter>Header Files\Components\Movement</Filter>
    </ClInclude>
    <ClInclude Include="MovementComponent.h">
      <Filter>Header Files\Components\Movement</Filter>
    </ClInclude>
    <ClInclude Include="PlayerMovementComponent.h">
      <Filter>Header Files\Components\Movement</Filter>
    </ClInclude>
    <ClInclude Include="PlayerMoveUpCommand.h">
      <Filter>Header Files\Commands</Filter>
    </ClInclude>
    <ClInclude Include="PlayerMoveDownCommand.h">
      <Filter>Header Files\Commands</Filter>
    </ClInclude>
    <ClInclude Include="PlayerMoveLeftCommand.h">
      <Filter>Header Files\Commands</Filter>
    </ClInclude>
    <ClInclude Include="PlayerMoveRightCommand.h">
      <Filter>Header Files\Commands</Filter>
    </ClInclude>
    <ClInclude Include="HaltPlayerXMovementCommand.h">
      <Filter>Header Files\Commands</Filter>
    </ClInclude>
    <ClInclude Include="HaltPlayerYMovementCommand.h">
      <Filter>Header Files\Commands</Filter>
    </ClInclude>
    <ClInclude Include="SetPlayerSpriteIdleCommand.h">
      <Filter>Header Files\Commands</Filter>
    </ClInclude>
    <ClInclude Include="SetPlayerSpriteLeftCommand.h">
      <Filter>Header Files\Commands</Filter>
    </ClInclude>
    <ClInclude Include="SetPlayerSpriteRightCommand.h">
      <Filter>Header Files\Commands</Filter>
    </ClInclude>
    <ClInclude Include="SetPlayerSpriteUpCommand.h">
      <Filter>Header Files\Commands</Filter>
    </ClInclude>
    <ClInclude Include="SetPlayerSpriteDownCommand.h">
      <Filter>Header Files\Commands</Filter>
    </ClInclude>
    <ClInclude Include="MazeComponent.h">
      <Filter>Header Files\Components\Generation</Filter>
    </ClInclude>
    <ClInclude Include="MazeRenderComponent.h">
      <Filter>Header Files\Components\Rendering</Filter>
    </ClInclude>
    <ClInclude Include="DoorCollisionComponent.h">
      <Filter>Header Files\Components\Collision</Filter>
    </ClInclude>
    <ClInclude Include="UpdateCurrentRoomCommand.h">
      <Filter>Header Files\Commands</Filter>
    </ClInclude>
    <ClInclude Include="HandleCollisionCommand.h">
      <Filter>Header Files\Commands</Filter>
    </ClInclude>
    <ClInclude Include="GridComponent.h">
      <Filter>Header Files\Components\Calculation</Filter>
    </ClInclude>
    <ClInclude Include="MapRenderComponent.h">
      <Filter>Header Files\Components\Rendering</Filter>
    </ClInclude>
    <ClInclude Include="GetAllRoomsCommand.h">
      <Filter>Header Files\Commands</Filter>
    </ClInclude>
    <ClInclude Include="ActivateMapCommand.h">
      <Filter>Header Files\Commands</Filter>
    </ClInclude>
    <ClInclude Include="EnemyManagerComponent.h">
      <Filter>Header Files\Components\Managers</Filter>
    </ClInclude>
    <ClInclude Include="Spawner.h">
      <Filter>Header Files\Prototypes</Filter>
    </ClInclude>
    <ClInclude Include="EnemyComponent.h">
      <Filter>Header Files\Components\Enemies</Filter>
    </ClInclude>
    <ClInclude Include="DebugEnemyComponent.h">
      <Filter>Header Files\Components\Enemies</Filter>
    </ClInclude>
    <ClInclude Include="EnemyMovementComponent.h">
      <Filter>Header Files\Components\Movement</Filter>
    </ClInclude>
    <ClInclude Include="ActivityComponent.h">
      <Filter>Header Files\Components\Activity</Filter>
    </ClInclude>
    <ClInclude Include="ItemComponent.h">
      <Filter>Header Files\Components\Items</Filter>
    </ClInclude>
    <ClInclude Include="MeleeKeyComponent.h">
      <Filter>Header Files\Components\Items</Filter>
    </ClInclude>
    <ClInclude Include="BaseProc.h">
      <Filter>Header Files\Procs</Filter>
    </ClInclude>
    <ClInclude Include="FireProc.h">
      <Filter>Header Files\Procs</Filter>
    </ClInclude>
    <ClInclude Include="WeaponQuality.h">
      <Filter>Header Files\Weapon qualities</Filter>
    </ClInclude>
    <ClInclude Include="ItemManagerComponent.h">
      <Filter>Header Files\Components\Managers</Filter>
    </ClInclude>
    <ClInclude Include="PickUpItemCommand.h">
      <Filter>Header Files\Commands</Filter>
    </ClInclude>
    <ClInclude Include="InventoryComponent.h">
      <Filter>Header Files\Components\Items</Filter>
    </ClInclude>
    <ClInclude Include="UseItemCommand.h">
      <Filter>Header Files\Commands</Filter>
    </ClInclude>
    <ClInclude Include="SwitchItemUpCommand.h">
      <Filter>Header Files\Commands</Filter>
    </ClInclude>
    <ClInclude Include="SwitchItemDownCommand.h">
      <Filter>Header Files\Commands</Filter>
    </ClInclude>
    <ClInclude Include="HealthComponent.h">
      <Filter>Header Files\Components\Health</Filter>
    </ClInclude>
    <ClInclude Include="CombatComponent.h">
      <Filter>Header Files\Components\Combat</Filter>
    </ClInclude>
    <ClInclude Include="CritProc.h">
      <Filter>Header Files\Procs</Filter>
    </ClInclude>
    <ClInclude Include="GameResetComponent.h">
      <Filter>Header Files\Components\Resetters</Filter>
    </ClInclude>
    <ClInclude Include="RangedKeyComponent.h">
      <Filter>Header Files\Components\Items</Filter>
    </ClInclude>
    <ClInclude Include="ProjectileComponent.h">
      <Filter>Header Files\Components\Items</Filter>
    </ClInclude>
    <ClInclude Include="ProjectileMovementComponent.h">
      <Filter>Header Files\Components\Movement</Filter>
    </ClInclude>
    <ClInclude Include="ConsumableComponent.h">
      <Filter>Header Files\Components\Items</Filter>
    </ClInclude>
    <ClInclude Include="HealEffect.h">
      <Filter>Header Files\Effects</Filter>
    </ClInclude>
    <ClInclude Include="BaseEffect.h">
      <Filter>Header Files\Effects</Filter>
    </ClInclude>
    <ClInclude Include="DamageEffect.h">
      <Filter>Header Files\Effects</Filter>
    </ClInclude>
    <ClInclude Include="SpeedEffect.h">
      <Filter>Header Files\Effects</Filter>
    </ClInclude>
    <ClInclude Include="ObstacleManagerComponent.h">
      <Filter>Header Files\Components\Managers</Filter>
    </ClInclude>
    <ClInclude Include="ObstacleComponent.h">
      <Filter>Header Files\Components\Obstacles</Filter>
    </ClInclude>
    <ClInclude Include="ObstacleTransformComponent.h">
      <Filter>Header Files\Components\Movement</Filter>
    </ClInclude>
  </ItemGroup>
</Project>